
Microsoft Visual Studio Solution File, Format Version 12.00
# Visual Studio Version 16
VisualStudioVersion = 16.0.29521.150
MinimumVisualStudioVersion = 10.0.40219.1
Project("{9A19103F-16F7-4668-BE54-9A1E7A4F7556}") = "BlazorAuthClient.Server", "BlazorAuthClient\Server\BlazorAuthClient.Server.csproj", "{9F17D9B8-995E-4D98-B02B-31E2A9BAE35D}"
EndProject
Project("{9A19103F-16F7-4668-BE54-9A1E7A4F7556}") = "BlazorAuthClient.Client", "BlazorAuthClient\Client\BlazorAuthClient.Client.csproj", "{44F45D22-6D44-458B-A15E-4B24DF31FBC0}"
EndProject
Project("{9A19103F-16F7-4668-BE54-9A1E7A4F7556}") = "BlazorAuthClient.Shared", "BlazorAuthClient\Shared\BlazorAuthClient.Shared.csproj", "{4326B88A-C90C-4B44-98CE-3F901F61B4F8}"
EndProject
Global
	GlobalSection(SolutionConfigurationPlatforms) = preSolution
		Debug|Any CPU = Debug|Any CPU
		Release|Any CPU = Release|Any CPU
	EndGlobalSection
	GlobalSection(ProjectConfigurationPlatforms) = postSolution
		{9F17D9B8-995E-4D98-B02B-31E2A9BAE35D}.Debug|Any CPU.ActiveCfg = Debug|Any CPU
		{9F17D9B8-995E-4D98-B02B-31E2A9BAE35D}.Debug|Any CPU.Build.0 = Debug|Any CPU
		{9F17D9B8-995E-4D98-B02B-31E2A9BAE35D}.Release|Any CPU.ActiveCfg = Release|Any CPU
		{9F17D9B8-995E-4D98-B02B-31E2A9BAE35D}.Release|Any CPU.Build.0 = Release|Any CPU
		{44F45D22-6D44-458B-A15E-4B24DF31FBC0}.Debug|Any CPU.ActiveCfg = Debug|Any CPU
		{44F45D22-6D44-458B-A15E-4B24DF31FBC0}.Debug|Any CPU.Build.0 = Debug|Any CPU
		{44F45D22-6D44-458B-A15E-4B24DF31FBC0}.Release|Any CPU.ActiveCfg = Release|Any CPU
		{44F45D22-6D44-458B-A15E-4B24DF31FBC0}.Release|Any CPU.Build.0 = Release|Any CPU
		{4326B88A-C90C-4B44-98CE-3F901F61B4F8}.Debug|Any CPU.ActiveCfg = Debug|Any CPU
		{4326B88A-C90C-4B44-98CE-3F901F61B4F8}.Debug|Any CPU.Build.0 = Debug|Any CPU
		{4326B88A-C90C-4B44-98CE-3F901F61B4F8}.Release|Any CPU.ActiveCfg = Release|Any CPU
		{4326B88A-C90C-4B44-98CE-3F901F61B4F8}.Release|Any CPU.Build.0 = Release|Any CPU
	EndGlobalSection
	GlobalSection(SolutionProperties) = preSolution
		HideSolutionNode = FALSE
	EndGlobalSection
	GlobalSection(ExtensibilityGlobals) = postSolution
		SolutionGuid = {EFFD1B7B-3878-41D1-8B8F-52D60F87AAC2}
	EndGlobalSection
EndGlobal
